
Microsoft Visual Studio Solution File, Format Version 12.00
# Visual Studio Version 16
VisualStudioVersion = 16.0.32602.291
MinimumVisualStudioVersion = 10.0.40219.1
Project("{8BC9CEB8-8B4A-11D0-8D11-00A0C91BC942}") = "303_Range_Sum_Immutable", "303_Range_Sum_Immutable\303_Range_Sum_Immutable.vcxproj", "{7863111A-9571-49BF-AAFB-8630087FD077}"
EndProject
Project("{8BC9CEB8-8B4A-11D0-8D11-00A0C91BC942}") = "304_Range_Sum_2D", "304_Range_Sum_2D\304_Range_Sum_2D.vcxproj", "{75DEFD00-08FB-4C29-A835-FAFBCFB8A52C}"
EndProject
Project("{8BC9CEB8-8B4A-11D0-8D11-00A0C91BC942}") = "306_Additive_Number", "306_Additive_Number\306_Additive_Number.vcxproj", "{1263B6EC-4F88-403F-9ABD-2245A0EC1963}"
EndProject
Project("{8BC9CEB8-8B4A-11D0-8D11-00A0C91BC942}") = "307_Range_Sum_Mutable", "307_Range_Sum_Mutable\307_Range_Sum_Mutable.vcxproj", "{3F636838-F333-4EB4-95F0-DDA8FFD9BA65}"
EndProject
Project("{8BC9CEB8-8B4A-11D0-8D11-00A0C91BC942}") = "309_Best_Time_to_Buy_and_Sell", "309_Best_Time_to_Buy_and_Sell\309_Best_Time_to_Buy_and_Sell.vcxproj", "{95D30373-B329-4CAB-84E2-FC79939A207A}"
EndProject
Project("{8BC9CEB8-8B4A-11D0-8D11-00A0C91BC942}") = "310_Minimum_Height_Trees", "310_Minimum_Height_Trees\310_Minimum_Height_Trees.vcxproj", "{9BF0AC15-0711-4E28-8AF6-A92FF014B315}"
EndProject
Global
	GlobalSection(SolutionConfigurationPlatforms) = preSolution
		Debug|x64 = Debug|x64
		Debug|x86 = Debug|x86
		Release|x64 = Release|x64
		Release|x86 = Release|x86
	EndGlobalSection
	GlobalSection(ProjectConfigurationPlatforms) = postSolution
		{7863111A-9571-49BF-AAFB-8630087FD077}.Debug|x64.ActiveCfg = Debug|x64
		{7863111A-9571-49BF-AAFB-8630087FD077}.Debug|x64.Build.0 = Debug|x64
		{7863111A-9571-49BF-AAFB-8630087FD077}.Debug|x86.ActiveCfg = Debug|Win32
		{7863111A-9571-49BF-AAFB-8630087FD077}.Debug|x86.Build.0 = Debug|Win32
		{7863111A-9571-49BF-AAFB-8630087FD077}.Release|x64.ActiveCfg = Release|x64
		{7863111A-9571-49BF-AAFB-8630087FD077}.Release|x64.Build.0 = Release|x64
		{7863111A-9571-49BF-AAFB-8630087FD077}.Release|x86.ActiveCfg = Release|Win32
		{7863111A-9571-49BF-AAFB-8630087FD077}.Release|x86.Build.0 = Release|Win32
		{75DEFD00-08FB-4C29-A835-FAFBCFB8A52C}.Debug|x64.ActiveCfg = Debug|x64
		{75DEFD00-08FB-4C29-A835-FAFBCFB8A52C}.Debug|x64.Build.0 = Debug|x64
		{75DEFD00-08FB-4C29-A835-FAFBCFB8A52C}.Debug|x86.ActiveCfg = Debug|Win32
		{75DEFD00-08FB-4C29-A835-FAFBCFB8A52C}.Debug|x86.Build.0 = Debug|Win32
		{75DEFD00-08FB-4C29-A835-FAFBCFB8A52C}.Release|x64.ActiveCfg = Release|x64
		{75DEFD00-08FB-4C29-A835-FAFBCFB8A52C}.Release|x64.Build.0 = Release|x64
		{75DEFD00-08FB-4C29-A835-FAFBCFB8A52C}.Release|x86.ActiveCfg = Release|Win32
		{75DEFD00-08FB-4C29-A835-FAFBCFB8A52C}.Release|x86.Build.0 = Release|Win32
		{1263B6EC-4F88-403F-9ABD-2245A0EC1963}.Debug|x64.ActiveCfg = Debug|x64
		{1263B6EC-4F88-403F-9ABD-2245A0EC1963}.Debug|x64.Build.0 = Debug|x64
		{1263B6EC-4F88-403F-9ABD-2245A0EC1963}.Debug|x86.ActiveCfg = Debug|Win32
		{1263B6EC-4F88-403F-9ABD-2245A0EC1963}.Debug|x86.Build.0 = Debug|Win32
		{1263B6EC-4F88-403F-9ABD-2245A0EC1963}.Release|x64.ActiveCfg = Release|x64
		{1263B6EC-4F88-403F-9ABD-2245A0EC1963}.Release|x64.Build.0 = Release|x64
		{1263B6EC-4F88-403F-9ABD-2245A0EC1963}.Release|x86.ActiveCfg = Release|Win32
		{1263B6EC-4F88-403F-9ABD-2245A0EC1963}.Release|x86.Build.0 = Release|Win32
		{3F636838-F333-4EB4-95F0-DDA8FFD9BA65}.Debug|x64.ActiveCfg = Debug|x64
		{3F636838-F333-4EB4-95F0-DDA8FFD9BA65}.Debug|x64.Build.0 = Debug|x64
		{3F636838-F333-4EB4-95F0-DDA8FFD9BA65}.Debug|x86.ActiveCfg = Debug|Win32
		{3F636838-F333-4EB4-95F0-DDA8FFD9BA65}.Debug|x86.Build.0 = Debug|Win32
		{3F636838-F333-4EB4-95F0-DDA8FFD9BA65}.Release|x64.ActiveCfg = Release|x64
		{3F636838-F333-4EB4-95F0-DDA8FFD9BA65}.Release|x64.Build.0 = Release|x64
		{3F636838-F333-4EB4-95F0-DDA8FFD9BA65}.Release|x86.ActiveCfg = Release|Win32
		{3F636838-F333-4EB4-95F0-DDA8FFD9BA65}.Release|x86.Build.0 = Release|Win32
		{95D30373-B329-4CAB-84E2-FC79939A207A}.Debug|x64.ActiveCfg = Debug|x64
		{95D30373-B329-4CAB-84E2-FC79939A207A}.Debug|x64.Build.0 = Debug|x64
		{95D30373-B329-4CAB-84E2-FC79939A207A}.Debug|x86.ActiveCfg = Debug|Win32
		{95D30373-B329-4CAB-84E2-FC79939A207A}.Debug|x86.Build.0 = Debug|Win32
		{95D30373-B329-4CAB-84E2-FC79939A207A}.Release|x64.ActiveCfg = Release|x64
		{95D30373-B329-4CAB-84E2-FC79939A207A}.Release|x64.Build.0 = Release|x64
		{95D30373-B329-4CAB-84E2-FC79939A207A}.Release|x86.ActiveCfg = Release|Win32
		{95D30373-B329-4CAB-84E2-FC79939A207A}.Release|x86.Build.0 = Release|Win32
		{9BF0AC15-0711-4E28-8AF6-A92FF014B315}.Debug|x64.ActiveCfg = Debug|x64
		{9BF0AC15-0711-4E28-8AF6-A92FF014B315}.Debug|x64.Build.0 = Debug|x64
		{9BF0AC15-0711-4E28-8AF6-A92FF014B315}.Debug|x86.ActiveCfg = Debug|Win32
		{9BF0AC15-0711-4E28-8AF6-A92FF014B315}.Debug|x86.Build.0 = Debug|Win32
		{9BF0AC15-0711-4E28-8AF6-A92FF014B315}.Release|x64.ActiveCfg = Release|x64
		{9BF0AC15-0711-4E28-8AF6-A92FF014B315}.Release|x64.Build.0 = Release|x64
		{9BF0AC15-0711-4E28-8AF6-A92FF014B315}.Release|x86.ActiveCfg = Release|Win32
		{9BF0AC15-0711-4E28-8AF6-A92FF014B315}.Release|x86.Build.0 = Release|Win32
	EndGlobalSection
	GlobalSection(SolutionProperties) = preSolution
		HideSolutionNode = FALSE
	EndGlobalSection
	GlobalSection(ExtensibilityGlobals) = postSolution
		SolutionGuid = {A71BB363-490B-48CD-9D01-320965DF48DA}
	EndGlobalSection
EndGlobal
