
Microsoft Visual Studio Solution File, Format Version 12.00
# Visual Studio Version 16
VisualStudioVersion = 16.0.32602.291
MinimumVisualStudioVersion = 10.0.40219.1
Project("{8BC9CEB8-8B4A-11D0-8D11-00A0C91BC942}") = "303_Range_Sum_Immutable", "303_Range_Sum_Immutable\303_Range_Sum_Immutable.vcxproj", "{7863111A-9571-49BF-AAFB-8630087FD077}"
EndProject
Project("{8BC9CEB8-8B4A-11D0-8D11-00A0C91BC942}") = "304_Range_Sum_2D", "304_Range_Sum_2D\304_Range_Sum_2D.vcxproj", "{75DEFD00-08FB-4C29-A835-FAFBCFB8A52C}"
EndProject
Project("{8BC9CEB8-8B4A-11D0-8D11-00A0C91BC942}") = "306_Additive_Number", "306_Additive_Number\306_Additive_Number.vcxproj", "{1263B6EC-4F88-403F-9ABD-2245A0EC1963}"
EndProject
Project("{8BC9CEB8-8B4A-11D0-8D11-00A0C91BC942}") = "307_Range_Sum_Mutable", "307_Range_Sum_Mutable\307_Range_Sum_Mutable.vcxproj", "{3F636838-F333-4EB4-95F0-DDA8FFD9BA65}"
EndProject
Project("{8BC9CEB8-8B4A-11D0-8D11-00A0C91BC942}") = "309_Best_Time_to_Buy_and_Sell", "309_Best_Time_to_Buy_and_Sell\309_Best_Time_to_Buy_and_Sell.vcxproj", "{95D30373-B329-4CAB-84E2-FC79939A207A}"
EndProject
Project("{8BC9CEB8-8B4A-11D0-8D11-00A0C91BC942}") = "310_Minimum_Height_Trees", "310_Minimum_Height_Trees\310_Minimum_Height_Trees.vcxproj", "{9BF0AC15-0711-4E28-8AF6-A92FF014B315}"
EndProject
Project("{8BC9CEB8-8B4A-11D0-8D11-00A0C91BC942}") = "313_Super_Ugly_Number", "313_Super_Ugly_Number\313_Super_Ugly_Number.vcxproj", "{88A0422F-1572-481F-9947-5ABCADDAAFC6}"
EndProject
Project("{8BC9CEB8-8B4A-11D0-8D11-00A0C91BC942}") = "316_Remove_Duplicate_Letters", "316_Remove_Duplicate_Letters\316_Remove_Duplicate_Letters.vcxproj", "{148A66DF-1860-4D52-8DD2-A4E03C3DC42C}"
EndProject
Project("{8BC9CEB8-8B4A-11D0-8D11-00A0C91BC942}") = "318_Max_Product_of_Word_Len", "318_Max_Product_of_Word_Len\318_Max_Product_of_Word_Len.vcxproj", "{760E1B17-E059-4AA9-A3B9-7AB3D1F46B7E}"
EndProject
Project("{8BC9CEB8-8B4A-11D0-8D11-00A0C91BC942}") = "319_Bulb_Switcher", "319_Bulb_Switcher\319_Bulb_Switcher.vcxproj", "{79044B74-AC87-4735-8CD2-F49623470B37}"
EndProject
Project("{8BC9CEB8-8B4A-11D0-8D11-00A0C91BC942}") = "322_Coin_Change", "322_Coin_Change\322_Coin_Change.vcxproj", "{54FAFF83-0450-49B1-9D1D-6D7BDDAB5721}"
EndProject
Project("{8BC9CEB8-8B4A-11D0-8D11-00A0C91BC942}") = "326_Power_of_Three", "326_Power_of_Three\326_Power_of_Three.vcxproj", "{B6B45A7D-14AE-4D4A-A534-40954A19D6FB}"
EndProject
Project("{8BC9CEB8-8B4A-11D0-8D11-00A0C91BC942}") = "328_Odd_Even_Linked_List", "328_Odd_Even_Linked_List\328_Odd_Even_Linked_List.vcxproj", "{03E6C445-6B0B-4F72-87C4-F35A1C13B1C5}"
EndProject
Project("{8BC9CEB8-8B4A-11D0-8D11-00A0C91BC942}") = "331_Preorder_Binary_Tree", "331_Preorder_Binary_Tree\331_Preorder_Binary_Tree.vcxproj", "{9F58F21B-C2CD-4BDA-A307-315AEF90EF3D}"
EndProject
Project("{8BC9CEB8-8B4A-11D0-8D11-00A0C91BC942}") = "334_Increase_Triplet_Subsequence", "334_Increase_Triplet_Subsequence\334_Increase_Triplet_Subsequence.vcxproj", "{975C076F-CDAC-4C68-B1D1-431686B51517}"
EndProject
Project("{8BC9CEB8-8B4A-11D0-8D11-00A0C91BC942}") = "337_House_Robber_III", "337_House_Robber_III\337_House_Robber_III.vcxproj", "{0381B59D-9506-464B-85F5-733FE0DEB909}"
EndProject
Project("{8BC9CEB8-8B4A-11D0-8D11-00A0C91BC942}") = "341_Flatten_Nested_List_Iterator", "341_Flatten_Nested_List_Iterator\341_Flatten_Nested_List_Iterator.vcxproj", "{E667B399-6310-4D9D-8288-46EED225F7A4}"
EndProject
Project("{8BC9CEB8-8B4A-11D0-8D11-00A0C91BC942}") = "342_Power_of_Fou", "342_Power_of_Fou\342_Power_of_Fou.vcxproj", "{65592722-110A-4EA8-AEBC-FBB7ADABBDD8}"
EndProject
Project("{8BC9CEB8-8B4A-11D0-8D11-00A0C91BC942}") = "343_Integer_Break", "343_Integer_Break\343_Integer_Break.vcxproj", "{DAF6B738-548B-4FDA-9849-1B1F6FFEE0D2}"
EndProject
Project("{8BC9CEB8-8B4A-11D0-8D11-00A0C91BC942}") = "344_Reverse_String", "344_Reverse_String\344_Reverse_String.vcxproj", "{CFB273EE-4B80-4939-86B4-BCF121DBC906}"
EndProject
Project("{8BC9CEB8-8B4A-11D0-8D11-00A0C91BC942}") = "345_Reverse_Vowels", "345_Reverse_Vowels\345_Reverse_Vowels.vcxproj", "{139E437E-D683-4308-8B0A-3282F905940F}"
EndProject
Global
	GlobalSection(SolutionConfigurationPlatforms) = preSolution
		Debug|x64 = Debug|x64
		Debug|x86 = Debug|x86
		Release|x64 = Release|x64
		Release|x86 = Release|x86
	EndGlobalSection
	GlobalSection(ProjectConfigurationPlatforms) = postSolution
		{7863111A-9571-49BF-AAFB-8630087FD077}.Debug|x64.ActiveCfg = Debug|x64
		{7863111A-9571-49BF-AAFB-8630087FD077}.Debug|x64.Build.0 = Debug|x64
		{7863111A-9571-49BF-AAFB-8630087FD077}.Debug|x86.ActiveCfg = Debug|Win32
		{7863111A-9571-49BF-AAFB-8630087FD077}.Debug|x86.Build.0 = Debug|Win32
		{7863111A-9571-49BF-AAFB-8630087FD077}.Release|x64.ActiveCfg = Release|x64
		{7863111A-9571-49BF-AAFB-8630087FD077}.Release|x64.Build.0 = Release|x64
		{7863111A-9571-49BF-AAFB-8630087FD077}.Release|x86.ActiveCfg = Release|Win32
		{7863111A-9571-49BF-AAFB-8630087FD077}.Release|x86.Build.0 = Release|Win32
		{75DEFD00-08FB-4C29-A835-FAFBCFB8A52C}.Debug|x64.ActiveCfg = Debug|x64
		{75DEFD00-08FB-4C29-A835-FAFBCFB8A52C}.Debug|x64.Build.0 = Debug|x64
		{75DEFD00-08FB-4C29-A835-FAFBCFB8A52C}.Debug|x86.ActiveCfg = Debug|Win32
		{75DEFD00-08FB-4C29-A835-FAFBCFB8A52C}.Debug|x86.Build.0 = Debug|Win32
		{75DEFD00-08FB-4C29-A835-FAFBCFB8A52C}.Release|x64.ActiveCfg = Release|x64
		{75DEFD00-08FB-4C29-A835-FAFBCFB8A52C}.Release|x64.Build.0 = Release|x64
		{75DEFD00-08FB-4C29-A835-FAFBCFB8A52C}.Release|x86.ActiveCfg = Release|Win32
		{75DEFD00-08FB-4C29-A835-FAFBCFB8A52C}.Release|x86.Build.0 = Release|Win32
		{1263B6EC-4F88-403F-9ABD-2245A0EC1963}.Debug|x64.ActiveCfg = Debug|x64
		{1263B6EC-4F88-403F-9ABD-2245A0EC1963}.Debug|x64.Build.0 = Debug|x64
		{1263B6EC-4F88-403F-9ABD-2245A0EC1963}.Debug|x86.ActiveCfg = Debug|Win32
		{1263B6EC-4F88-403F-9ABD-2245A0EC1963}.Debug|x86.Build.0 = Debug|Win32
		{1263B6EC-4F88-403F-9ABD-2245A0EC1963}.Release|x64.ActiveCfg = Release|x64
		{1263B6EC-4F88-403F-9ABD-2245A0EC1963}.Release|x64.Build.0 = Release|x64
		{1263B6EC-4F88-403F-9ABD-2245A0EC1963}.Release|x86.ActiveCfg = Release|Win32
		{1263B6EC-4F88-403F-9ABD-2245A0EC1963}.Release|x86.Build.0 = Release|Win32
		{3F636838-F333-4EB4-95F0-DDA8FFD9BA65}.Debug|x64.ActiveCfg = Debug|x64
		{3F636838-F333-4EB4-95F0-DDA8FFD9BA65}.Debug|x64.Build.0 = Debug|x64
		{3F636838-F333-4EB4-95F0-DDA8FFD9BA65}.Debug|x86.ActiveCfg = Debug|Win32
		{3F636838-F333-4EB4-95F0-DDA8FFD9BA65}.Debug|x86.Build.0 = Debug|Win32
		{3F636838-F333-4EB4-95F0-DDA8FFD9BA65}.Release|x64.ActiveCfg = Release|x64
		{3F636838-F333-4EB4-95F0-DDA8FFD9BA65}.Release|x64.Build.0 = Release|x64
		{3F636838-F333-4EB4-95F0-DDA8FFD9BA65}.Release|x86.ActiveCfg = Release|Win32
		{3F636838-F333-4EB4-95F0-DDA8FFD9BA65}.Release|x86.Build.0 = Release|Win32
		{95D30373-B329-4CAB-84E2-FC79939A207A}.Debug|x64.ActiveCfg = Debug|x64
		{95D30373-B329-4CAB-84E2-FC79939A207A}.Debug|x64.Build.0 = Debug|x64
		{95D30373-B329-4CAB-84E2-FC79939A207A}.Debug|x86.ActiveCfg = Debug|Win32
		{95D30373-B329-4CAB-84E2-FC79939A207A}.Debug|x86.Build.0 = Debug|Win32
		{95D30373-B329-4CAB-84E2-FC79939A207A}.Release|x64.ActiveCfg = Release|x64
		{95D30373-B329-4CAB-84E2-FC79939A207A}.Release|x64.Build.0 = Release|x64
		{95D30373-B329-4CAB-84E2-FC79939A207A}.Release|x86.ActiveCfg = Release|Win32
		{95D30373-B329-4CAB-84E2-FC79939A207A}.Release|x86.Build.0 = Release|Win32
		{9BF0AC15-0711-4E28-8AF6-A92FF014B315}.Debug|x64.ActiveCfg = Debug|x64
		{9BF0AC15-0711-4E28-8AF6-A92FF014B315}.Debug|x64.Build.0 = Debug|x64
		{9BF0AC15-0711-4E28-8AF6-A92FF014B315}.Debug|x86.ActiveCfg = Debug|Win32
		{9BF0AC15-0711-4E28-8AF6-A92FF014B315}.Debug|x86.Build.0 = Debug|Win32
		{9BF0AC15-0711-4E28-8AF6-A92FF014B315}.Release|x64.ActiveCfg = Release|x64
		{9BF0AC15-0711-4E28-8AF6-A92FF014B315}.Release|x64.Build.0 = Release|x64
		{9BF0AC15-0711-4E28-8AF6-A92FF014B315}.Release|x86.ActiveCfg = Release|Win32
		{9BF0AC15-0711-4E28-8AF6-A92FF014B315}.Release|x86.Build.0 = Release|Win32
		{88A0422F-1572-481F-9947-5ABCADDAAFC6}.Debug|x64.ActiveCfg = Debug|x64
		{88A0422F-1572-481F-9947-5ABCADDAAFC6}.Debug|x64.Build.0 = Debug|x64
		{88A0422F-1572-481F-9947-5ABCADDAAFC6}.Debug|x86.ActiveCfg = Debug|Win32
		{88A0422F-1572-481F-9947-5ABCADDAAFC6}.Debug|x86.Build.0 = Debug|Win32
		{88A0422F-1572-481F-9947-5ABCADDAAFC6}.Release|x64.ActiveCfg = Release|x64
		{88A0422F-1572-481F-9947-5ABCADDAAFC6}.Release|x64.Build.0 = Release|x64
		{88A0422F-1572-481F-9947-5ABCADDAAFC6}.Release|x86.ActiveCfg = Release|Win32
		{88A0422F-1572-481F-9947-5ABCADDAAFC6}.Release|x86.Build.0 = Release|Win32
		{148A66DF-1860-4D52-8DD2-A4E03C3DC42C}.Debug|x64.ActiveCfg = Debug|x64
		{148A66DF-1860-4D52-8DD2-A4E03C3DC42C}.Debug|x64.Build.0 = Debug|x64
		{148A66DF-1860-4D52-8DD2-A4E03C3DC42C}.Debug|x86.ActiveCfg = Debug|Win32
		{148A66DF-1860-4D52-8DD2-A4E03C3DC42C}.Debug|x86.Build.0 = Debug|Win32
		{148A66DF-1860-4D52-8DD2-A4E03C3DC42C}.Release|x64.ActiveCfg = Release|x64
		{148A66DF-1860-4D52-8DD2-A4E03C3DC42C}.Release|x64.Build.0 = Release|x64
		{148A66DF-1860-4D52-8DD2-A4E03C3DC42C}.Release|x86.ActiveCfg = Release|Win32
		{148A66DF-1860-4D52-8DD2-A4E03C3DC42C}.Release|x86.Build.0 = Release|Win32
		{760E1B17-E059-4AA9-A3B9-7AB3D1F46B7E}.Debug|x64.ActiveCfg = Debug|x64
		{760E1B17-E059-4AA9-A3B9-7AB3D1F46B7E}.Debug|x64.Build.0 = Debug|x64
		{760E1B17-E059-4AA9-A3B9-7AB3D1F46B7E}.Debug|x86.ActiveCfg = Debug|Win32
		{760E1B17-E059-4AA9-A3B9-7AB3D1F46B7E}.Debug|x86.Build.0 = Debug|Win32
		{760E1B17-E059-4AA9-A3B9-7AB3D1F46B7E}.Release|x64.ActiveCfg = Release|x64
		{760E1B17-E059-4AA9-A3B9-7AB3D1F46B7E}.Release|x64.Build.0 = Release|x64
		{760E1B17-E059-4AA9-A3B9-7AB3D1F46B7E}.Release|x86.ActiveCfg = Release|Win32
		{760E1B17-E059-4AA9-A3B9-7AB3D1F46B7E}.Release|x86.Build.0 = Release|Win32
		{79044B74-AC87-4735-8CD2-F49623470B37}.Debug|x64.ActiveCfg = Debug|x64
		{79044B74-AC87-4735-8CD2-F49623470B37}.Debug|x64.Build.0 = Debug|x64
		{79044B74-AC87-4735-8CD2-F49623470B37}.Debug|x86.ActiveCfg = Debug|Win32
		{79044B74-AC87-4735-8CD2-F49623470B37}.Debug|x86.Build.0 = Debug|Win32
		{79044B74-AC87-4735-8CD2-F49623470B37}.Release|x64.ActiveCfg = Release|x64
		{79044B74-AC87-4735-8CD2-F49623470B37}.Release|x64.Build.0 = Release|x64
		{79044B74-AC87-4735-8CD2-F49623470B37}.Release|x86.ActiveCfg = Release|Win32
		{79044B74-AC87-4735-8CD2-F49623470B37}.Release|x86.Build.0 = Release|Win32
		{54FAFF83-0450-49B1-9D1D-6D7BDDAB5721}.Debug|x64.ActiveCfg = Debug|x64
		{54FAFF83-0450-49B1-9D1D-6D7BDDAB5721}.Debug|x64.Build.0 = Debug|x64
		{54FAFF83-0450-49B1-9D1D-6D7BDDAB5721}.Debug|x86.ActiveCfg = Debug|Win32
		{54FAFF83-0450-49B1-9D1D-6D7BDDAB5721}.Debug|x86.Build.0 = Debug|Win32
		{54FAFF83-0450-49B1-9D1D-6D7BDDAB5721}.Release|x64.ActiveCfg = Release|x64
		{54FAFF83-0450-49B1-9D1D-6D7BDDAB5721}.Release|x64.Build.0 = Release|x64
		{54FAFF83-0450-49B1-9D1D-6D7BDDAB5721}.Release|x86.ActiveCfg = Release|Win32
		{54FAFF83-0450-49B1-9D1D-6D7BDDAB5721}.Release|x86.Build.0 = Release|Win32
		{B6B45A7D-14AE-4D4A-A534-40954A19D6FB}.Debug|x64.ActiveCfg = Debug|x64
		{B6B45A7D-14AE-4D4A-A534-40954A19D6FB}.Debug|x64.Build.0 = Debug|x64
		{B6B45A7D-14AE-4D4A-A534-40954A19D6FB}.Debug|x86.ActiveCfg = Debug|Win32
		{B6B45A7D-14AE-4D4A-A534-40954A19D6FB}.Debug|x86.Build.0 = Debug|Win32
		{B6B45A7D-14AE-4D4A-A534-40954A19D6FB}.Release|x64.ActiveCfg = Release|x64
		{B6B45A7D-14AE-4D4A-A534-40954A19D6FB}.Release|x64.Build.0 = Release|x64
		{B6B45A7D-14AE-4D4A-A534-40954A19D6FB}.Release|x86.ActiveCfg = Release|Win32
		{B6B45A7D-14AE-4D4A-A534-40954A19D6FB}.Release|x86.Build.0 = Release|Win32
		{03E6C445-6B0B-4F72-87C4-F35A1C13B1C5}.Debug|x64.ActiveCfg = Debug|x64
		{03E6C445-6B0B-4F72-87C4-F35A1C13B1C5}.Debug|x64.Build.0 = Debug|x64
		{03E6C445-6B0B-4F72-87C4-F35A1C13B1C5}.Debug|x86.ActiveCfg = Debug|Win32
		{03E6C445-6B0B-4F72-87C4-F35A1C13B1C5}.Debug|x86.Build.0 = Debug|Win32
		{03E6C445-6B0B-4F72-87C4-F35A1C13B1C5}.Release|x64.ActiveCfg = Release|x64
		{03E6C445-6B0B-4F72-87C4-F35A1C13B1C5}.Release|x64.Build.0 = Release|x64
		{03E6C445-6B0B-4F72-87C4-F35A1C13B1C5}.Release|x86.ActiveCfg = Release|Win32
		{03E6C445-6B0B-4F72-87C4-F35A1C13B1C5}.Release|x86.Build.0 = Release|Win32
		{9F58F21B-C2CD-4BDA-A307-315AEF90EF3D}.Debug|x64.ActiveCfg = Debug|x64
		{9F58F21B-C2CD-4BDA-A307-315AEF90EF3D}.Debug|x64.Build.0 = Debug|x64
		{9F58F21B-C2CD-4BDA-A307-315AEF90EF3D}.Debug|x86.ActiveCfg = Debug|Win32
		{9F58F21B-C2CD-4BDA-A307-315AEF90EF3D}.Debug|x86.Build.0 = Debug|Win32
		{9F58F21B-C2CD-4BDA-A307-315AEF90EF3D}.Release|x64.ActiveCfg = Release|x64
		{9F58F21B-C2CD-4BDA-A307-315AEF90EF3D}.Release|x64.Build.0 = Release|x64
		{9F58F21B-C2CD-4BDA-A307-315AEF90EF3D}.Release|x86.ActiveCfg = Release|Win32
		{9F58F21B-C2CD-4BDA-A307-315AEF90EF3D}.Release|x86.Build.0 = Release|Win32
		{975C076F-CDAC-4C68-B1D1-431686B51517}.Debug|x64.ActiveCfg = Debug|x64
		{975C076F-CDAC-4C68-B1D1-431686B51517}.Debug|x64.Build.0 = Debug|x64
		{975C076F-CDAC-4C68-B1D1-431686B51517}.Debug|x86.ActiveCfg = Debug|Win32
		{975C076F-CDAC-4C68-B1D1-431686B51517}.Debug|x86.Build.0 = Debug|Win32
		{975C076F-CDAC-4C68-B1D1-431686B51517}.Release|x64.ActiveCfg = Release|x64
		{975C076F-CDAC-4C68-B1D1-431686B51517}.Release|x64.Build.0 = Release|x64
		{975C076F-CDAC-4C68-B1D1-431686B51517}.Release|x86.ActiveCfg = Release|Win32
		{975C076F-CDAC-4C68-B1D1-431686B51517}.Release|x86.Build.0 = Release|Win32
		{0381B59D-9506-464B-85F5-733FE0DEB909}.Debug|x64.ActiveCfg = Debug|x64
		{0381B59D-9506-464B-85F5-733FE0DEB909}.Debug|x64.Build.0 = Debug|x64
		{0381B59D-9506-464B-85F5-733FE0DEB909}.Debug|x86.ActiveCfg = Debug|Win32
		{0381B59D-9506-464B-85F5-733FE0DEB909}.Debug|x86.Build.0 = Debug|Win32
		{0381B59D-9506-464B-85F5-733FE0DEB909}.Release|x64.ActiveCfg = Release|x64
		{0381B59D-9506-464B-85F5-733FE0DEB909}.Release|x64.Build.0 = Release|x64
		{0381B59D-9506-464B-85F5-733FE0DEB909}.Release|x86.ActiveCfg = Release|Win32
		{0381B59D-9506-464B-85F5-733FE0DEB909}.Release|x86.Build.0 = Release|Win32
		{E667B399-6310-4D9D-8288-46EED225F7A4}.Debug|x64.ActiveCfg = Debug|x64
		{E667B399-6310-4D9D-8288-46EED225F7A4}.Debug|x64.Build.0 = Debug|x64
		{E667B399-6310-4D9D-8288-46EED225F7A4}.Debug|x86.ActiveCfg = Debug|Win32
		{E667B399-6310-4D9D-8288-46EED225F7A4}.Debug|x86.Build.0 = Debug|Win32
		{E667B399-6310-4D9D-8288-46EED225F7A4}.Release|x64.ActiveCfg = Release|x64
		{E667B399-6310-4D9D-8288-46EED225F7A4}.Release|x64.Build.0 = Release|x64
		{E667B399-6310-4D9D-8288-46EED225F7A4}.Release|x86.ActiveCfg = Release|Win32
		{E667B399-6310-4D9D-8288-46EED225F7A4}.Release|x86.Build.0 = Release|Win32
		{65592722-110A-4EA8-AEBC-FBB7ADABBDD8}.Debug|x64.ActiveCfg = Debug|x64
		{65592722-110A-4EA8-AEBC-FBB7ADABBDD8}.Debug|x64.Build.0 = Debug|x64
		{65592722-110A-4EA8-AEBC-FBB7ADABBDD8}.Debug|x86.ActiveCfg = Debug|Win32
		{65592722-110A-4EA8-AEBC-FBB7ADABBDD8}.Debug|x86.Build.0 = Debug|Win32
		{65592722-110A-4EA8-AEBC-FBB7ADABBDD8}.Release|x64.ActiveCfg = Release|x64
		{65592722-110A-4EA8-AEBC-FBB7ADABBDD8}.Release|x64.Build.0 = Release|x64
		{65592722-110A-4EA8-AEBC-FBB7ADABBDD8}.Release|x86.ActiveCfg = Release|Win32
		{65592722-110A-4EA8-AEBC-FBB7ADABBDD8}.Release|x86.Build.0 = Release|Win32
		{DAF6B738-548B-4FDA-9849-1B1F6FFEE0D2}.Debug|x64.ActiveCfg = Debug|x64
		{DAF6B738-548B-4FDA-9849-1B1F6FFEE0D2}.Debug|x64.Build.0 = Debug|x64
		{DAF6B738-548B-4FDA-9849-1B1F6FFEE0D2}.Debug|x86.ActiveCfg = Debug|Win32
		{DAF6B738-548B-4FDA-9849-1B1F6FFEE0D2}.Debug|x86.Build.0 = Debug|Win32
		{DAF6B738-548B-4FDA-9849-1B1F6FFEE0D2}.Release|x64.ActiveCfg = Release|x64
		{DAF6B738-548B-4FDA-9849-1B1F6FFEE0D2}.Release|x64.Build.0 = Release|x64
		{DAF6B738-548B-4FDA-9849-1B1F6FFEE0D2}.Release|x86.ActiveCfg = Release|Win32
		{DAF6B738-548B-4FDA-9849-1B1F6FFEE0D2}.Release|x86.Build.0 = Release|Win32
		{CFB273EE-4B80-4939-86B4-BCF121DBC906}.Debug|x64.ActiveCfg = Debug|x64
		{CFB273EE-4B80-4939-86B4-BCF121DBC906}.Debug|x64.Build.0 = Debug|x64
		{CFB273EE-4B80-4939-86B4-BCF121DBC906}.Debug|x86.ActiveCfg = Debug|Win32
		{CFB273EE-4B80-4939-86B4-BCF121DBC906}.Debug|x86.Build.0 = Debug|Win32
		{CFB273EE-4B80-4939-86B4-BCF121DBC906}.Release|x64.ActiveCfg = Release|x64
		{CFB273EE-4B80-4939-86B4-BCF121DBC906}.Release|x64.Build.0 = Release|x64
		{CFB273EE-4B80-4939-86B4-BCF121DBC906}.Release|x86.ActiveCfg = Release|Win32
		{CFB273EE-4B80-4939-86B4-BCF121DBC906}.Release|x86.Build.0 = Release|Win32
		{139E437E-D683-4308-8B0A-3282F905940F}.Debug|x64.ActiveCfg = Debug|x64
		{139E437E-D683-4308-8B0A-3282F905940F}.Debug|x64.Build.0 = Debug|x64
		{139E437E-D683-4308-8B0A-3282F905940F}.Debug|x86.ActiveCfg = Debug|Win32
		{139E437E-D683-4308-8B0A-3282F905940F}.Debug|x86.Build.0 = Debug|Win32
		{139E437E-D683-4308-8B0A-3282F905940F}.Release|x64.ActiveCfg = Release|x64
		{139E437E-D683-4308-8B0A-3282F905940F}.Release|x64.Build.0 = Release|x64
		{139E437E-D683-4308-8B0A-3282F905940F}.Release|x86.ActiveCfg = Release|Win32
		{139E437E-D683-4308-8B0A-3282F905940F}.Release|x86.Build.0 = Release|Win32
	EndGlobalSection
	GlobalSection(SolutionProperties) = preSolution
		HideSolutionNode = FALSE
	EndGlobalSection
	GlobalSection(ExtensibilityGlobals) = postSolution
		SolutionGuid = {A71BB363-490B-48CD-9D01-320965DF48DA}
	EndGlobalSection
EndGlobal
